// !$*UTF8*$!
{
	archiveVersion = 1;
	classes = {
	};
	objectVersion = 55;
	objects = {

/* Begin PBXBuildFile section */
		931EE1B42BE59F190072F162 /* structures.csv in Resources */ = {isa = PBXBuildFile; fileRef = 931EE1B32BE59F190072F162 /* structures.csv */; };
		931EE1B62BEAD3630072F162 /* mapPoints.csv in Resources */ = {isa = PBXBuildFile; fileRef = 931EE1B52BEAD3630072F162 /* mapPoints.csv */; };
		D001C04E2BBE319100C532F2 /* Poly_CanyonApp.swift in Sources */ = {isa = PBXBuildFile; fileRef = D001C04D2BBE319100C532F2 /* Poly_CanyonApp.swift */; };
		D001C0502BBE319100C532F2 /* ContentView.swift in Sources */ = {isa = PBXBuildFile; fileRef = D001C04F2BBE319100C532F2 /* ContentView.swift */; };
		D001C0522BBE319400C532F2 /* Assets.xcassets in Resources */ = {isa = PBXBuildFile; fileRef = D001C0512BBE319400C532F2 /* Assets.xcassets */; };
		D001C0552BBE319400C532F2 /* Preview Assets.xcassets in Resources */ = {isa = PBXBuildFile; fileRef = D001C0542BBE319400C532F2 /* Preview Assets.xcassets */; };
		D001C05F2BBE319500C532F2 /* Poly_CanyonTests.swift in Sources */ = {isa = PBXBuildFile; fileRef = D001C05E2BBE319500C532F2 /* Poly_CanyonTests.swift */; };
		D001C0692BBE319500C532F2 /* Poly_CanyonUITests.swift in Sources */ = {isa = PBXBuildFile; fileRef = D001C0682BBE319500C532F2 /* Poly_CanyonUITests.swift */; };
		D001C06B2BBE319500C532F2 /* Poly_CanyonUITestsLaunchTests.swift in Sources */ = {isa = PBXBuildFile; fileRef = D001C06A2BBE319500C532F2 /* Poly_CanyonUITestsLaunchTests.swift */; };
		D001C0782BBE356C00C532F2 /* MapView.swift in Sources */ = {isa = PBXBuildFile; fileRef = D001C0772BBE356C00C532F2 /* MapView.swift */; };
		D001C07A2BBE358200C532F2 /* DetailView.swift in Sources */ = {isa = PBXBuildFile; fileRef = D001C0792BBE358200C532F2 /* DetailView.swift */; };
		D001C07C2BBE359000C532F2 /* OnboardingView.swift in Sources */ = {isa = PBXBuildFile; fileRef = D001C07B2BBE359000C532F2 /* OnboardingView.swift */; };
		D001C07E2BBE3BD600C532F2 /* MainView.swift in Sources */ = {isa = PBXBuildFile; fileRef = D001C07D2BBE3BD600C532F2 /* MainView.swift */; };
		D00C0E342BCF7D9F00E7CFCD /* SettingsView.swift in Sources */ = {isa = PBXBuildFile; fileRef = D00C0E332BCF7D9F00E7CFCD /* SettingsView.swift */; };
		D00C0E362BCF8D9800E7CFCD /* StructureData.swift in Sources */ = {isa = PBXBuildFile; fileRef = D00C0E352BCF8D9800E7CFCD /* StructureData.swift */; };
		D0492C2E2BC5E32C00E4AC08 /* StructPopUp.swift in Sources */ = {isa = PBXBuildFile; fileRef = D0492C2D2BC5E32C00E4AC08 /* StructPopUp.swift */; };
		D0871CFF2BBF46AD003ADF53 /* LocationManager.swift in Sources */ = {isa = PBXBuildFile; fileRef = D0871CFE2BBF46AD003ADF53 /* LocationManager.swift */; };
		D0871D022BBF474D003ADF53 /* CoreLocation.framework in Frameworks */ = {isa = PBXBuildFile; fileRef = D0871D012BBF474D003ADF53 /* CoreLocation.framework */; };
		D0F543532BC1C5440012F998 /* mapPoints.swift in Sources */ = {isa = PBXBuildFile; fileRef = D0F543522BC1C5440012F998 /* mapPoints.swift */; };
		DB08BD1E2C17A02F00397065 /* FirebaseAnalytics in Frameworks */ = {isa = PBXBuildFile; productRef = DB08BD1D2C17A02F00397065 /* FirebaseAnalytics */; };
		DB08BD202C17A02F00397065 /* FirebaseCrashlytics in Frameworks */ = {isa = PBXBuildFile; productRef = DB08BD1F2C17A02F00397065 /* FirebaseCrashlytics */; };
		DB08BD222C17A02F00397065 /* FirebaseDatabase in Frameworks */ = {isa = PBXBuildFile; productRef = DB08BD212C17A02F00397065 /* FirebaseDatabase */; };
		DB08BD242C17A02F00397065 /* FirebaseDatabaseSwift in Frameworks */ = {isa = PBXBuildFile; productRef = DB08BD232C17A02F00397065 /* FirebaseDatabaseSwift */; };
/* End PBXBuildFile section */

/* Begin PBXContainerItemProxy section */
		D001C05B2BBE319500C532F2 /* PBXContainerItemProxy */ = {
			isa = PBXContainerItemProxy;
			containerPortal = D001C0422BBE319100C532F2 /* Project object */;
			proxyType = 1;
			remoteGlobalIDString = D001C0492BBE319100C532F2;
			remoteInfo = "Arch Graveyard";
		};
		D001C0652BBE319500C532F2 /* PBXContainerItemProxy */ = {
			isa = PBXContainerItemProxy;
			containerPortal = D001C0422BBE319100C532F2 /* Project object */;
			proxyType = 1;
			remoteGlobalIDString = D001C0492BBE319100C532F2;
			remoteInfo = "Arch Graveyard";
		};
/* End PBXContainerItemProxy section */

/* Begin PBXFileReference section */
		931EE1B32BE59F190072F162 /* structures.csv */ = {isa = PBXFileReference; lastKnownFileType = text; name = structures.csv; path = ../assets/data/structures.csv; sourceTree = SOURCE_ROOT; };
		931EE1B52BEAD3630072F162 /* mapPoints.csv */ = {isa = PBXFileReference; lastKnownFileType = text; name = mapPoints.csv; path = ../assets/data/mapPoints.csv; sourceTree = SOURCE_ROOT; };
		D001C04A2BBE319100C532F2 /* Poly Canyon.app */ = {isa = PBXFileReference; explicitFileType = wrapper.application; includeInIndex = 0; path = "Poly Canyon.app"; sourceTree = BUILT_PRODUCTS_DIR; };
		D001C04D2BBE319100C532F2 /* Poly_CanyonApp.swift */ = {isa = PBXFileReference; lastKnownFileType = sourcecode.swift; path = Poly_CanyonApp.swift; sourceTree = "<group>"; };
		D001C04F2BBE319100C532F2 /* ContentView.swift */ = {isa = PBXFileReference; lastKnownFileType = sourcecode.swift; path = ContentView.swift; sourceTree = "<group>"; };
		D001C0512BBE319400C532F2 /* Assets.xcassets */ = {isa = PBXFileReference; lastKnownFileType = folder.assetcatalog; path = Assets.xcassets; sourceTree = "<group>"; };
		D001C0542BBE319400C532F2 /* Preview Assets.xcassets */ = {isa = PBXFileReference; lastKnownFileType = folder.assetcatalog; path = "Preview Assets.xcassets"; sourceTree = "<group>"; };
		D001C05A2BBE319500C532F2 /* Poly CanyonTests.xctest */ = {isa = PBXFileReference; explicitFileType = wrapper.cfbundle; includeInIndex = 0; path = "Poly CanyonTests.xctest"; sourceTree = BUILT_PRODUCTS_DIR; };
		D001C05E2BBE319500C532F2 /* Poly_CanyonTests.swift */ = {isa = PBXFileReference; lastKnownFileType = sourcecode.swift; path = Poly_CanyonTests.swift; sourceTree = "<group>"; };
		D001C0642BBE319500C532F2 /* Poly CanyonUITests.xctest */ = {isa = PBXFileReference; explicitFileType = wrapper.cfbundle; includeInIndex = 0; path = "Poly CanyonUITests.xctest"; sourceTree = BUILT_PRODUCTS_DIR; };
		D001C0682BBE319500C532F2 /* Poly_CanyonUITests.swift */ = {isa = PBXFileReference; lastKnownFileType = sourcecode.swift; path = Poly_CanyonUITests.swift; sourceTree = "<group>"; };
		D001C06A2BBE319500C532F2 /* Poly_CanyonUITestsLaunchTests.swift */ = {isa = PBXFileReference; lastKnownFileType = sourcecode.swift; path = Poly_CanyonUITestsLaunchTests.swift; sourceTree = "<group>"; };
		D001C0772BBE356C00C532F2 /* MapView.swift */ = {isa = PBXFileReference; lastKnownFileType = sourcecode.swift; path = MapView.swift; sourceTree = "<group>"; };
		D001C0792BBE358200C532F2 /* DetailView.swift */ = {isa = PBXFileReference; lastKnownFileType = sourcecode.swift; path = DetailView.swift; sourceTree = "<group>"; };
		D001C07B2BBE359000C532F2 /* OnboardingView.swift */ = {isa = PBXFileReference; lastKnownFileType = sourcecode.swift; path = OnboardingView.swift; sourceTree = "<group>"; };
		D001C07D2BBE3BD600C532F2 /* MainView.swift */ = {isa = PBXFileReference; lastKnownFileType = sourcecode.swift; path = MainView.swift; sourceTree = "<group>"; };
		D00C0E332BCF7D9F00E7CFCD /* SettingsView.swift */ = {isa = PBXFileReference; lastKnownFileType = sourcecode.swift; path = SettingsView.swift; sourceTree = "<group>"; };
		D00C0E352BCF8D9800E7CFCD /* StructureData.swift */ = {isa = PBXFileReference; lastKnownFileType = sourcecode.swift; path = StructureData.swift; sourceTree = "<group>"; };
		D041D3172BC8A3870061E865 /* Poly-Canyon-Info.plist */ = {isa = PBXFileReference; lastKnownFileType = text.plist.xml; path = "Poly-Canyon-Info.plist"; sourceTree = SOURCE_ROOT; };
		D0492C2D2BC5E32C00E4AC08 /* StructPopUp.swift */ = {isa = PBXFileReference; lastKnownFileType = sourcecode.swift; path = StructPopUp.swift; sourceTree = "<group>"; };
		D0871CFE2BBF46AD003ADF53 /* LocationManager.swift */ = {isa = PBXFileReference; lastKnownFileType = sourcecode.swift; path = LocationManager.swift; sourceTree = "<group>"; };
		D0871D012BBF474D003ADF53 /* CoreLocation.framework */ = {isa = PBXFileReference; lastKnownFileType = wrapper.framework; name = CoreLocation.framework; path = System/Library/Frameworks/CoreLocation.framework; sourceTree = SDKROOT; };
		D0F543522BC1C5440012F998 /* mapPoints.swift */ = {isa = PBXFileReference; lastKnownFileType = sourcecode.swift; path = mapPoints.swift; sourceTree = "<group>"; };
/* End PBXFileReference section */

/* Begin PBXFrameworksBuildPhase section */
		D001C0472BBE319100C532F2 /* Frameworks */ = {
			isa = PBXFrameworksBuildPhase;
			buildActionMask = 2147483647;
			files = (
				DB08BD242C17A02F00397065 /* FirebaseDatabaseSwift in Frameworks */,
				DB08BD202C17A02F00397065 /* FirebaseCrashlytics in Frameworks */,
				DB08BD1E2C17A02F00397065 /* FirebaseAnalytics in Frameworks */,
				DB08BD222C17A02F00397065 /* FirebaseDatabase in Frameworks */,
				D0871D022BBF474D003ADF53 /* CoreLocation.framework in Frameworks */,
			);
			runOnlyForDeploymentPostprocessing = 0;
		};
		D001C0572BBE319500C532F2 /* Frameworks */ = {
			isa = PBXFrameworksBuildPhase;
			buildActionMask = 2147483647;
			files = (
			);
			runOnlyForDeploymentPostprocessing = 0;
		};
		D001C0612BBE319500C532F2 /* Frameworks */ = {
			isa = PBXFrameworksBuildPhase;
			buildActionMask = 2147483647;
			files = (
			);
			runOnlyForDeploymentPostprocessing = 0;
		};
/* End PBXFrameworksBuildPhase section */

/* Begin PBXGroup section */
		D001C0412BBE319100C532F2 = {
			isa = PBXGroup;
			children = (
				D001C04C2BBE319100C532F2 /* Poly Canyon */,
				D001C05D2BBE319500C532F2 /* Poly CanyonTests */,
				D001C0672BBE319500C532F2 /* Poly CanyonUITests */,
				D001C04B2BBE319100C532F2 /* Products */,
				D0871D002BBF474D003ADF53 /* Frameworks */,
			);
			sourceTree = "<group>";
		};
		D001C04B2BBE319100C532F2 /* Products */ = {
			isa = PBXGroup;
			children = (
				D001C04A2BBE319100C532F2 /* Poly Canyon.app */,
				D001C05A2BBE319500C532F2 /* Poly CanyonTests.xctest */,
				D001C0642BBE319500C532F2 /* Poly CanyonUITests.xctest */,
			);
			name = Products;
			sourceTree = "<group>";
		};
		D001C04C2BBE319100C532F2 /* Poly Canyon */ = {
			isa = PBXGroup;
			children = (
				D041D3172BC8A3870061E865 /* Poly-Canyon-Info.plist */,
				D001C04D2BBE319100C532F2 /* Poly_CanyonApp.swift */,
				D012A5202BD3290F00C839CC /* Views */,
				D012A5222BD3293D00C839CC /* Data */,
				D001C0512BBE319400C532F2 /* Assets.xcassets */,
				D001C0532BBE319400C532F2 /* Preview Content */,
			);
			path = "Poly Canyon";
			sourceTree = "<group>";
		};
		D001C0532BBE319400C532F2 /* Preview Content */ = {
			isa = PBXGroup;
			children = (
				D001C0542BBE319400C532F2 /* Preview Assets.xcassets */,
			);
			path = "Preview Content";
			sourceTree = "<group>";
		};
		D001C05D2BBE319500C532F2 /* Poly CanyonTests */ = {
			isa = PBXGroup;
			children = (
				D001C05E2BBE319500C532F2 /* Poly_CanyonTests.swift */,
			);
			path = "Poly CanyonTests";
			sourceTree = "<group>";
		};
		D001C0672BBE319500C532F2 /* Poly CanyonUITests */ = {
			isa = PBXGroup;
			children = (
				D001C0682BBE319500C532F2 /* Poly_CanyonUITests.swift */,
				D001C06A2BBE319500C532F2 /* Poly_CanyonUITestsLaunchTests.swift */,
			);
			path = "Poly CanyonUITests";
			sourceTree = "<group>";
		};
		D012A5202BD3290F00C839CC /* Views */ = {
			isa = PBXGroup;
			children = (
				D001C04F2BBE319100C532F2 /* ContentView.swift */,
				D001C07D2BBE3BD600C532F2 /* MainView.swift */,
				D001C07B2BBE359000C532F2 /* OnboardingView.swift */,
				D012A5212BD3293200C839CC /* Main Views */,
			);
			path = Views;
			sourceTree = "<group>";
		};
		D012A5212BD3293200C839CC /* Main Views */ = {
			isa = PBXGroup;
			children = (
				D001C0772BBE356C00C532F2 /* MapView.swift */,
				D00C0E332BCF7D9F00E7CFCD /* SettingsView.swift */,
				D001C0792BBE358200C532F2 /* DetailView.swift */,
				D0492C2D2BC5E32C00E4AC08 /* StructPopUp.swift */,
			);
			path = "Main Views";
			sourceTree = "<group>";
		};
		D012A5222BD3293D00C839CC /* Data */ = {
			isa = PBXGroup;
			children = (
				D0871CFE2BBF46AD003ADF53 /* LocationManager.swift */,
				D0F543522BC1C5440012F998 /* mapPoints.swift */,
				D00C0E352BCF8D9800E7CFCD /* StructureData.swift */,
				931EE1B52BEAD3630072F162 /* mapPoints.csv */,
				931EE1B32BE59F190072F162 /* structures.csv */,
			);
			path = Data;
			sourceTree = "<group>";
		};
		D0871D002BBF474D003ADF53 /* Frameworks */ = {
			isa = PBXGroup;
			children = (
				D0871D012BBF474D003ADF53 /* CoreLocation.framework */,
			);
			name = Frameworks;
			sourceTree = "<group>";
		};
/* End PBXGroup section */

/* Begin PBXNativeTarget section */
		D001C0492BBE319100C532F2 /* Poly Canyon */ = {
			isa = PBXNativeTarget;
			buildConfigurationList = D001C06E2BBE319500C532F2 /* Build configuration list for PBXNativeTarget "Poly Canyon" */;
			buildPhases = (
				D001C0462BBE319100C532F2 /* Sources */,
				D001C0472BBE319100C532F2 /* Frameworks */,
				D001C0482BBE319100C532F2 /* Resources */,
			);
			buildRules = (
			);
			dependencies = (
			);
			name = "Poly Canyon";
			packageProductDependencies = (
				DB08BD1D2C17A02F00397065 /* FirebaseAnalytics */,
				DB08BD1F2C17A02F00397065 /* FirebaseCrashlytics */,
				DB08BD212C17A02F00397065 /* FirebaseDatabase */,
				DB08BD232C17A02F00397065 /* FirebaseDatabaseSwift */,
			);
			productName = "Arch Graveyard";
			productReference = D001C04A2BBE319100C532F2 /* Poly Canyon.app */;
			productType = "com.apple.product-type.application";
		};
		D001C0592BBE319500C532F2 /* Poly CanyonTests */ = {
			isa = PBXNativeTarget;
			buildConfigurationList = D001C0712BBE319500C532F2 /* Build configuration list for PBXNativeTarget "Poly CanyonTests" */;
			buildPhases = (
				D001C0562BBE319500C532F2 /* Sources */,
				D001C0572BBE319500C532F2 /* Frameworks */,
				D001C0582BBE319500C532F2 /* Resources */,
			);
			buildRules = (
			);
			dependencies = (
				D001C05C2BBE319500C532F2 /* PBXTargetDependency */,
			);
			name = "Poly CanyonTests";
			productName = "Arch GraveyardTests";
			productReference = D001C05A2BBE319500C532F2 /* Poly CanyonTests.xctest */;
			productType = "com.apple.product-type.bundle.unit-test";
		};
		D001C0632BBE319500C532F2 /* Poly CanyonUITests */ = {
			isa = PBXNativeTarget;
			buildConfigurationList = D001C0742BBE319500C532F2 /* Build configuration list for PBXNativeTarget "Poly CanyonUITests" */;
			buildPhases = (
				D001C0602BBE319500C532F2 /* Sources */,
				D001C0612BBE319500C532F2 /* Frameworks */,
				D001C0622BBE319500C532F2 /* Resources */,
			);
			buildRules = (
			);
			dependencies = (
				D001C0662BBE319500C532F2 /* PBXTargetDependency */,
			);
			name = "Poly CanyonUITests";
			productName = "Arch GraveyardUITests";
			productReference = D001C0642BBE319500C532F2 /* Poly CanyonUITests.xctest */;
			productType = "com.apple.product-type.bundle.ui-testing";
		};
/* End PBXNativeTarget section */

/* Begin PBXProject section */
		D001C0422BBE319100C532F2 /* Project object */ = {
			isa = PBXProject;
			attributes = {
				BuildIndependentTargetsInParallel = 1;
				LastSwiftUpdateCheck = 1340;
				LastUpgradeCheck = 1540;
				TargetAttributes = {
					D001C0492BBE319100C532F2 = {
						CreatedOnToolsVersion = 13.4.1;
					};
					D001C0592BBE319500C532F2 = {
						CreatedOnToolsVersion = 13.4.1;
						TestTargetID = D001C0492BBE319100C532F2;
					};
					D001C0632BBE319500C532F2 = {
						CreatedOnToolsVersion = 13.4.1;
						TestTargetID = D001C0492BBE319100C532F2;
					};
				};
			};
			buildConfigurationList = D001C0452BBE319100C532F2 /* Build configuration list for PBXProject "Poly Canyon" */;
			compatibilityVersion = "Xcode 13.0";
			developmentRegion = en;
			hasScannedForEncodings = 0;
			knownRegions = (
				en,
				Base,
			);
			mainGroup = D001C0412BBE319100C532F2;
			packageReferences = (
				DB08BD1C2C17A02F00397065 /* XCRemoteSwiftPackageReference "firebase-ios-sdk" */,
			);
			productRefGroup = D001C04B2BBE319100C532F2 /* Products */;
			projectDirPath = "";
			projectRoot = "";
			targets = (
				D001C0492BBE319100C532F2 /* Poly Canyon */,
				D001C0592BBE319500C532F2 /* Poly CanyonTests */,
				D001C0632BBE319500C532F2 /* Poly CanyonUITests */,
			);
		};
/* End PBXProject section */

/* Begin PBXResourcesBuildPhase section */
		D001C0482BBE319100C532F2 /* Resources */ = {
			isa = PBXResourcesBuildPhase;
			buildActionMask = 2147483647;
			files = (
				931EE1B42BE59F190072F162 /* structures.csv in Resources */,
				D001C0552BBE319400C532F2 /* Preview Assets.xcassets in Resources */,
				931EE1B62BEAD3630072F162 /* mapPoints.csv in Resources */,
				D001C0522BBE319400C532F2 /* Assets.xcassets in Resources */,
			);
			runOnlyForDeploymentPostprocessing = 0;
		};
		D001C0582BBE319500C532F2 /* Resources */ = {
			isa = PBXResourcesBuildPhase;
			buildActionMask = 2147483647;
			files = (
			);
			runOnlyForDeploymentPostprocessing = 0;
		};
		D001C0622BBE319500C532F2 /* Resources */ = {
			isa = PBXResourcesBuildPhase;
			buildActionMask = 2147483647;
			files = (
			);
			runOnlyForDeploymentPostprocessing = 0;
		};
/* End PBXResourcesBuildPhase section */

/* Begin PBXSourcesBuildPhase section */
		D001C0462BBE319100C532F2 /* Sources */ = {
			isa = PBXSourcesBuildPhase;
			buildActionMask = 2147483647;
			files = (
				D001C0502BBE319100C532F2 /* ContentView.swift in Sources */,
				D001C07E2BBE3BD600C532F2 /* MainView.swift in Sources */,
				D001C07A2BBE358200C532F2 /* DetailView.swift in Sources */,
				D0871CFF2BBF46AD003ADF53 /* LocationManager.swift in Sources */,
				D001C0782BBE356C00C532F2 /* MapView.swift in Sources */,
				D00C0E342BCF7D9F00E7CFCD /* SettingsView.swift in Sources */,
				D0F543532BC1C5440012F998 /* mapPoints.swift in Sources */,
				D001C07C2BBE359000C532F2 /* OnboardingView.swift in Sources */,
				D00C0E362BCF8D9800E7CFCD /* StructureData.swift in Sources */,
				D0492C2E2BC5E32C00E4AC08 /* StructPopUp.swift in Sources */,
				D001C04E2BBE319100C532F2 /* Poly_CanyonApp.swift in Sources */,
			);
			runOnlyForDeploymentPostprocessing = 0;
		};
		D001C0562BBE319500C532F2 /* Sources */ = {
			isa = PBXSourcesBuildPhase;
			buildActionMask = 2147483647;
			files = (
				D001C05F2BBE319500C532F2 /* Poly_CanyonTests.swift in Sources */,
			);
			runOnlyForDeploymentPostprocessing = 0;
		};
		D001C0602BBE319500C532F2 /* Sources */ = {
			isa = PBXSourcesBuildPhase;
			buildActionMask = 2147483647;
			files = (
				D001C06B2BBE319500C532F2 /* Poly_CanyonUITestsLaunchTests.swift in Sources */,
				D001C0692BBE319500C532F2 /* Poly_CanyonUITests.swift in Sources */,
			);
			runOnlyForDeploymentPostprocessing = 0;
		};
/* End PBXSourcesBuildPhase section */

/* Begin PBXTargetDependency section */
		D001C05C2BBE319500C532F2 /* PBXTargetDependency */ = {
			isa = PBXTargetDependency;
			target = D001C0492BBE319100C532F2 /* Poly Canyon */;
			targetProxy = D001C05B2BBE319500C532F2 /* PBXContainerItemProxy */;
		};
		D001C0662BBE319500C532F2 /* PBXTargetDependency */ = {
			isa = PBXTargetDependency;
			target = D001C0492BBE319100C532F2 /* Poly Canyon */;
			targetProxy = D001C0652BBE319500C532F2 /* PBXContainerItemProxy */;
		};
/* End PBXTargetDependency section */

/* Begin XCBuildConfiguration section */
		D001C06C2BBE319500C532F2 /* Debug */ = {
			isa = XCBuildConfiguration;
			buildSettings = {
				ALWAYS_SEARCH_USER_PATHS = NO;
				CLANG_ANALYZER_NONNULL = YES;
				CLANG_ANALYZER_NUMBER_OBJECT_CONVERSION = YES_AGGRESSIVE;
				CLANG_CXX_LANGUAGE_STANDARD = "gnu++17";
				CLANG_ENABLE_MODULES = YES;
				CLANG_ENABLE_OBJC_ARC = YES;
				CLANG_ENABLE_OBJC_WEAK = YES;
				CLANG_WARN_BLOCK_CAPTURE_AUTORELEASING = YES;
				CLANG_WARN_BOOL_CONVERSION = YES;
				CLANG_WARN_COMMA = YES;
				CLANG_WARN_CONSTANT_CONVERSION = YES;
				CLANG_WARN_DEPRECATED_OBJC_IMPLEMENTATIONS = YES;
				CLANG_WARN_DIRECT_OBJC_ISA_USAGE = YES_ERROR;
				CLANG_WARN_DOCUMENTATION_COMMENTS = YES;
				CLANG_WARN_EMPTY_BODY = YES;
				CLANG_WARN_ENUM_CONVERSION = YES;
				CLANG_WARN_INFINITE_RECURSION = YES;
				CLANG_WARN_INT_CONVERSION = YES;
				CLANG_WARN_NON_LITERAL_NULL_CONVERSION = YES;
				CLANG_WARN_OBJC_IMPLICIT_RETAIN_SELF = YES;
				CLANG_WARN_OBJC_LITERAL_CONVERSION = YES;
				CLANG_WARN_OBJC_ROOT_CLASS = YES_ERROR;
				CLANG_WARN_QUOTED_INCLUDE_IN_FRAMEWORK_HEADER = YES;
				CLANG_WARN_RANGE_LOOP_ANALYSIS = YES;
				CLANG_WARN_STRICT_PROTOTYPES = YES;
				CLANG_WARN_SUSPICIOUS_MOVE = YES;
				CLANG_WARN_UNGUARDED_AVAILABILITY = YES_AGGRESSIVE;
				CLANG_WARN_UNREACHABLE_CODE = YES;
				CLANG_WARN__DUPLICATE_METHOD_MATCH = YES;
				COPY_PHASE_STRIP = NO;
				DEBUG_INFORMATION_FORMAT = dwarf;
				ENABLE_STRICT_OBJC_MSGSEND = YES;
				ENABLE_TESTABILITY = YES;
				ENABLE_USER_SCRIPT_SANDBOXING = YES;
				GCC_C_LANGUAGE_STANDARD = gnu11;
				GCC_DYNAMIC_NO_PIC = NO;
				GCC_NO_COMMON_BLOCKS = YES;
				GCC_OPTIMIZATION_LEVEL = 0;
				GCC_PREPROCESSOR_DEFINITIONS = (
					"DEBUG=1",
					"$(inherited)",
				);
				GCC_WARN_64_TO_32_BIT_CONVERSION = YES;
				GCC_WARN_ABOUT_RETURN_TYPE = YES_ERROR;
				GCC_WARN_UNDECLARED_SELECTOR = YES;
				GCC_WARN_UNINITIALIZED_AUTOS = YES_AGGRESSIVE;
				GCC_WARN_UNUSED_FUNCTION = YES;
				GCC_WARN_UNUSED_VARIABLE = YES;
				IPHONEOS_DEPLOYMENT_TARGET = 16.0;
				MTL_ENABLE_DEBUG_INFO = INCLUDE_SOURCE;
				MTL_FAST_MATH = YES;
				ONLY_ACTIVE_ARCH = YES;
				SDKROOT = iphoneos;
				SWIFT_ACTIVE_COMPILATION_CONDITIONS = DEBUG;
				SWIFT_OPTIMIZATION_LEVEL = "-Onone";
			};
			name = Debug;
		};
		D001C06D2BBE319500C532F2 /* Release */ = {
			isa = XCBuildConfiguration;
			buildSettings = {
				ALWAYS_SEARCH_USER_PATHS = NO;
				CLANG_ANALYZER_NONNULL = YES;
				CLANG_ANALYZER_NUMBER_OBJECT_CONVERSION = YES_AGGRESSIVE;
				CLANG_CXX_LANGUAGE_STANDARD = "gnu++17";
				CLANG_ENABLE_MODULES = YES;
				CLANG_ENABLE_OBJC_ARC = YES;
				CLANG_ENABLE_OBJC_WEAK = YES;
				CLANG_WARN_BLOCK_CAPTURE_AUTORELEASING = YES;
				CLANG_WARN_BOOL_CONVERSION = YES;
				CLANG_WARN_COMMA = YES;
				CLANG_WARN_CONSTANT_CONVERSION = YES;
				CLANG_WARN_DEPRECATED_OBJC_IMPLEMENTATIONS = YES;
				CLANG_WARN_DIRECT_OBJC_ISA_USAGE = YES_ERROR;
				CLANG_WARN_DOCUMENTATION_COMMENTS = YES;
				CLANG_WARN_EMPTY_BODY = YES;
				CLANG_WARN_ENUM_CONVERSION = YES;
				CLANG_WARN_INFINITE_RECURSION = YES;
				CLANG_WARN_INT_CONVERSION = YES;
				CLANG_WARN_NON_LITERAL_NULL_CONVERSION = YES;
				CLANG_WARN_OBJC_IMPLICIT_RETAIN_SELF = YES;
				CLANG_WARN_OBJC_LITERAL_CONVERSION = YES;
				CLANG_WARN_OBJC_ROOT_CLASS = YES_ERROR;
				CLANG_WARN_QUOTED_INCLUDE_IN_FRAMEWORK_HEADER = YES;
				CLANG_WARN_RANGE_LOOP_ANALYSIS = YES;
				CLANG_WARN_STRICT_PROTOTYPES = YES;
				CLANG_WARN_SUSPICIOUS_MOVE = YES;
				CLANG_WARN_UNGUARDED_AVAILABILITY = YES_AGGRESSIVE;
				CLANG_WARN_UNREACHABLE_CODE = YES;
				CLANG_WARN__DUPLICATE_METHOD_MATCH = YES;
				COPY_PHASE_STRIP = NO;
				DEBUG_INFORMATION_FORMAT = "dwarf-with-dsym";
				ENABLE_NS_ASSERTIONS = NO;
				ENABLE_STRICT_OBJC_MSGSEND = YES;
				ENABLE_USER_SCRIPT_SANDBOXING = YES;
				GCC_C_LANGUAGE_STANDARD = gnu11;
				GCC_NO_COMMON_BLOCKS = YES;
				GCC_WARN_64_TO_32_BIT_CONVERSION = YES;
				GCC_WARN_ABOUT_RETURN_TYPE = YES_ERROR;
				GCC_WARN_UNDECLARED_SELECTOR = YES;
				GCC_WARN_UNINITIALIZED_AUTOS = YES_AGGRESSIVE;
				GCC_WARN_UNUSED_FUNCTION = YES;
				GCC_WARN_UNUSED_VARIABLE = YES;
				IPHONEOS_DEPLOYMENT_TARGET = 16.0;
				MTL_ENABLE_DEBUG_INFO = NO;
				MTL_FAST_MATH = YES;
				SDKROOT = iphoneos;
				SWIFT_COMPILATION_MODE = wholemodule;
				SWIFT_OPTIMIZATION_LEVEL = "-O";
				VALIDATE_PRODUCT = YES;
			};
			name = Release;
		};
		D001C06F2BBE319500C532F2 /* Debug */ = {
			isa = XCBuildConfiguration;
			buildSettings = {
				ASSETCATALOG_COMPILER_APPICON_NAME = AppIcon;
				ASSETCATALOG_COMPILER_GLOBAL_ACCENT_COLOR_NAME = AccentColor;
				CODE_SIGN_IDENTITY = "Apple Development";
				CODE_SIGN_STYLE = Automatic;
				CURRENT_PROJECT_VERSION = 1;
				DEVELOPMENT_ASSET_PATHS = "\"Poly Canyon/Preview Content\"";
				DEVELOPMENT_TEAM = 8AMGSY9U5K;
				ENABLE_PREVIEWS = YES;
				GENERATE_INFOPLIST_FILE = YES;
				INFOPLIST_FILE = "Poly-Canyon-Info.plist";
				INFOPLIST_KEY_CFBundleDisplayName = "Poly Canyon";
				INFOPLIST_KEY_LSApplicationCategoryType = "public.app-category.navigation";
				INFOPLIST_KEY_NSLocationAlwaysAndWhenInUseUsageDescription = "This app needs access to location when not using for adventure mode to work automatically. If you aren't at arch graveyard it will stop tracking.";
				INFOPLIST_KEY_NSLocationWhenInUseUsageDescription = "This app needs acccss to location in order to show your location on the map and track which structures you've seen";
				INFOPLIST_KEY_UIApplicationSceneManifest_Generation = YES;
				INFOPLIST_KEY_UIApplicationSupportsIndirectInputEvents = YES;
				INFOPLIST_KEY_UILaunchScreen_Generation = YES;
				INFOPLIST_KEY_UISupportedInterfaceOrientations = UIInterfaceOrientationPortrait;
				INFOPLIST_KEY_UISupportedInterfaceOrientations_iPad = "UIInterfaceOrientationLandscapeLeft UIInterfaceOrientationLandscapeRight UIInterfaceOrientationPortrait UIInterfaceOrientationPortraitUpsideDown";
				IPHONEOS_DEPLOYMENT_TARGET = 15.5;
				LD_RUNPATH_SEARCH_PATHS = (
					"$(inherited)",
					"@executable_path/Frameworks",
				);
				MARKETING_VERSION = 3.4;
				PRODUCT_BUNDLE_IDENTIFIER = "Parker-Jones.Arch-Graveyard";
				PRODUCT_NAME = "$(TARGET_NAME)";
				PROVISIONING_PROFILE_SPECIFIER = "";
				SWIFT_EMIT_LOC_STRINGS = YES;
				SWIFT_VERSION = 5.0;
				TARGETED_DEVICE_FAMILY = 1;
			};
			name = Debug;
		};
		D001C0702BBE319500C532F2 /* Release */ = {
			isa = XCBuildConfiguration;
			buildSettings = {
				ASSETCATALOG_COMPILER_APPICON_NAME = AppIcon;
				ASSETCATALOG_COMPILER_GLOBAL_ACCENT_COLOR_NAME = AccentColor;
				CODE_SIGN_IDENTITY = "Apple Development";
				CODE_SIGN_STYLE = Automatic;
				CURRENT_PROJECT_VERSION = 1;
				DEVELOPMENT_ASSET_PATHS = "\"Poly Canyon/Preview Content\"";
				DEVELOPMENT_TEAM = 8AMGSY9U5K;
				ENABLE_PREVIEWS = YES;
				GENERATE_INFOPLIST_FILE = YES;
				INFOPLIST_FILE = "Poly-Canyon-Info.plist";
				INFOPLIST_KEY_CFBundleDisplayName = "Poly Canyon";
				INFOPLIST_KEY_LSApplicationCategoryType = "public.app-category.navigation";
				INFOPLIST_KEY_NSLocationAlwaysAndWhenInUseUsageDescription = "This app needs access to location when not using for adventure mode to work automatically. If you aren't at arch graveyard it will stop tracking.";
				INFOPLIST_KEY_NSLocationWhenInUseUsageDescription = "This app needs acccss to location in order to show your location on the map and track which structures you've seen";
				INFOPLIST_KEY_UIApplicationSceneManifest_Generation = YES;
				INFOPLIST_KEY_UIApplicationSupportsIndirectInputEvents = YES;
				INFOPLIST_KEY_UILaunchScreen_Generation = YES;
				INFOPLIST_KEY_UISupportedInterfaceOrientations = UIInterfaceOrientationPortrait;
				INFOPLIST_KEY_UISupportedInterfaceOrientations_iPad = "UIInterfaceOrientationLandscapeLeft UIInterfaceOrientationLandscapeRight UIInterfaceOrientationPortrait UIInterfaceOrientationPortraitUpsideDown";
				IPHONEOS_DEPLOYMENT_TARGET = 15.5;
				LD_RUNPATH_SEARCH_PATHS = (
					"$(inherited)",
					"@executable_path/Frameworks",
				);
				MARKETING_VERSION = 3.4;
				PRODUCT_BUNDLE_IDENTIFIER = "Parker-Jones.Arch-Graveyard";
				PRODUCT_NAME = "$(TARGET_NAME)";
				PROVISIONING_PROFILE_SPECIFIER = "";
				SWIFT_EMIT_LOC_STRINGS = YES;
				SWIFT_VERSION = 5.0;
				TARGETED_DEVICE_FAMILY = 1;
			};
			name = Release;
		};
		D001C0722BBE319500C532F2 /* Debug */ = {
			isa = XCBuildConfiguration;
			buildSettings = {
				ALWAYS_EMBED_SWIFT_STANDARD_LIBRARIES = YES;
				BUNDLE_LOADER = "$(TEST_HOST)";
				CODE_SIGN_STYLE = Automatic;
				CURRENT_PROJECT_VERSION = 1;
				GENERATE_INFOPLIST_FILE = YES;
				IPHONEOS_DEPLOYMENT_TARGET = 15.5;
				MARKETING_VERSION = 1.0;
				PRODUCT_BUNDLE_IDENTIFIER = "Parker-Jones.Arch-GraveyardTests";
				PRODUCT_NAME = "$(TARGET_NAME)";
				SWIFT_EMIT_LOC_STRINGS = NO;
				SWIFT_VERSION = 5.0;
				TARGETED_DEVICE_FAMILY = "1,2";
				TEST_HOST = "$(BUILT_PRODUCTS_DIR)/Poly Canyon.app/Poly Canyon";
			};
			name = Debug;
		};
		D001C0732BBE319500C532F2 /* Release */ = {
			isa = XCBuildConfiguration;
			buildSettings = {
				ALWAYS_EMBED_SWIFT_STANDARD_LIBRARIES = YES;
				BUNDLE_LOADER = "$(TEST_HOST)";
				CODE_SIGN_STYLE = Automatic;
				CURRENT_PROJECT_VERSION = 1;
				GENERATE_INFOPLIST_FILE = YES;
				IPHONEOS_DEPLOYMENT_TARGET = 15.5;
				MARKETING_VERSION = 1.0;
				PRODUCT_BUNDLE_IDENTIFIER = "Parker-Jones.Arch-GraveyardTests";
				PRODUCT_NAME = "$(TARGET_NAME)";
				SWIFT_EMIT_LOC_STRINGS = NO;
				SWIFT_VERSION = 5.0;
				TARGETED_DEVICE_FAMILY = "1,2";
				TEST_HOST = "$(BUILT_PRODUCTS_DIR)/Poly Canyon.app/Poly Canyon";
			};
			name = Release;
		};
		D001C0752BBE319500C532F2 /* Debug */ = {
			isa = XCBuildConfiguration;
			buildSettings = {
				ALWAYS_EMBED_SWIFT_STANDARD_LIBRARIES = YES;
				CODE_SIGN_STYLE = Automatic;
				CURRENT_PROJECT_VERSION = 1;
				GENERATE_INFOPLIST_FILE = YES;
				MARKETING_VERSION = 1.0;
				PRODUCT_BUNDLE_IDENTIFIER = "Parker-Jones.Arch-GraveyardUITests";
				PRODUCT_NAME = "$(TARGET_NAME)";
				SWIFT_EMIT_LOC_STRINGS = NO;
				SWIFT_VERSION = 5.0;
				TARGETED_DEVICE_FAMILY = "1,2";
				TEST_TARGET_NAME = "Arch Graveyard";
			};
			name = Debug;
		};
		D001C0762BBE319500C532F2 /* Release */ = {
			isa = XCBuildConfiguration;
			buildSettings = {
				ALWAYS_EMBED_SWIFT_STANDARD_LIBRARIES = YES;
				CODE_SIGN_STYLE = Automatic;
				CURRENT_PROJECT_VERSION = 1;
				GENERATE_INFOPLIST_FILE = YES;
				MARKETING_VERSION = 1.0;
				PRODUCT_BUNDLE_IDENTIFIER = "Parker-Jones.Arch-GraveyardUITests";
				PRODUCT_NAME = "$(TARGET_NAME)";
				SWIFT_EMIT_LOC_STRINGS = NO;
				SWIFT_VERSION = 5.0;
				TARGETED_DEVICE_FAMILY = "1,2";
				TEST_TARGET_NAME = "Arch Graveyard";
			};
			name = Release;
		};
/* End XCBuildConfiguration section */

/* Begin XCConfigurationList section */
		D001C0452BBE319100C532F2 /* Build configuration list for PBXProject "Poly Canyon" */ = {
			isa = XCConfigurationList;
			buildConfigurations = (
				D001C06C2BBE319500C532F2 /* Debug */,
				D001C06D2BBE319500C532F2 /* Release */,
			);
			defaultConfigurationIsVisible = 0;
			defaultConfigurationName = Release;
		};
		D001C06E2BBE319500C532F2 /* Build configuration list for PBXNativeTarget "Poly Canyon" */ = {
			isa = XCConfigurationList;
			buildConfigurations = (
				D001C06F2BBE319500C532F2 /* Debug */,
				D001C0702BBE319500C532F2 /* Release */,
			);
			defaultConfigurationIsVisible = 0;
			defaultConfigurationName = Release;
		};
		D001C0712BBE319500C532F2 /* Build configuration list for PBXNativeTarget "Poly CanyonTests" */ = {
			isa = XCConfigurationList;
			buildConfigurations = (
				D001C0722BBE319500C532F2 /* Debug */,
				D001C0732BBE319500C532F2 /* Release */,
			);
			defaultConfigurationIsVisible = 0;
			defaultConfigurationName = Release;
		};
		D001C0742BBE319500C532F2 /* Build configuration list for PBXNativeTarget "Poly CanyonUITests" */ = {
			isa = XCConfigurationList;
			buildConfigurations = (
				D001C0752BBE319500C532F2 /* Debug */,
				D001C0762BBE319500C532F2 /* Release */,
			);
			defaultConfigurationIsVisible = 0;
			defaultConfigurationName = Release;
		};
/* End XCConfigurationList section */

/* Begin XCRemoteSwiftPackageReference section */
		DB08BD1C2C17A02F00397065 /* XCRemoteSwiftPackageReference "firebase-ios-sdk" */ = {
			isa = XCRemoteSwiftPackageReference;
			repositoryURL = "https://github.com/firebase/firebase-ios-sdk";
			requirement = {
				kind = upToNextMajorVersion;
				minimumVersion = 10.27.0;
			};
		};
/* End XCRemoteSwiftPackageReference section */

/* Begin XCSwiftPackageProductDependency section */
		DB08BD1D2C17A02F00397065 /* FirebaseAnalytics */ = {
			isa = XCSwiftPackageProductDependency;
			package = DB08BD1C2C17A02F00397065 /* XCRemoteSwiftPackageReference "firebase-ios-sdk" */;
			productName = FirebaseAnalytics;
		};
		DB08BD1F2C17A02F00397065 /* FirebaseCrashlytics */ = {
			isa = XCSwiftPackageProductDependency;
			package = DB08BD1C2C17A02F00397065 /* XCRemoteSwiftPackageReference "firebase-ios-sdk" */;
			productName = FirebaseCrashlytics;
		};
		DB08BD212C17A02F00397065 /* FirebaseDatabase */ = {
			isa = XCSwiftPackageProductDependency;
			package = DB08BD1C2C17A02F00397065 /* XCRemoteSwiftPackageReference "firebase-ios-sdk" */;
			productName = FirebaseDatabase;
		};
		DB08BD232C17A02F00397065 /* FirebaseDatabaseSwift */ = {
			isa = XCSwiftPackageProductDependency;
			package = DB08BD1C2C17A02F00397065 /* XCRemoteSwiftPackageReference "firebase-ios-sdk" */;
			productName = FirebaseDatabaseSwift;
		};
/* End XCSwiftPackageProductDependency section */
	};
	rootObject = D001C0422BBE319100C532F2 /* Project object */;
}
