{
  "originHash" : "8acf035649279a7d8bf078b9f6bb60f29916af22829c131b93942bcebdbde8a8",
  "pins" : [
    {
      "identity" : "glur",
      "kind" : "remoteSourceControl",
      "location" : "https://github.com/joogps/Glur.git",
      "state" : {
        "revision" : "178af6499ed7957c7f91187fdee2b09d322f5b87",
        "version" : "1.1.0"
      }
    },
    {
      "identity" : "zoomable",
      "kind" : "remoteSourceControl",
      "location" : "https://github.com/ryohey/Zoomable",
      "state" : {
        "branch" : "main",
        "revision" : "27463744a1c82e550959703153bd6f3c62fef906"
      }
    }
  ],
  "version" : 3
}
