{
  "originHash" : "9b1fb2c52bb0361c3e5110f3d3a6f7d9cbb6cf6dfde15594c5c6f4281b1a4db9",
  "pins" : [
    {
      "identity" : "zoomable",
      "kind" : "remoteSourceControl",
      "location" : "https://github.com/ryohey/Zoomable",
      "state" : {
        "branch" : "main",
        "revision" : "27463744a1c82e550959703153bd6f3c62fef906"
      }
    }
  ],
  "version" : 3
}
